
Microsoft Visual Studio Solution File, Format Version 12.00
# Visual Studio Version 17
VisualStudioVersion = 17.0.32112.339
MinimumVisualStudioVersion = 10.0.40219.1
Project("{9A19103F-16F7-4668-BE54-9A1E7A4F7556}") = "C++ Individual", "C++ Individual.csproj", "{6FEA0892-259C-46AB-A764-98F4FD1F4E2F}"
EndProject
Project("{2150E333-8FDC-42A3-9474-1A3956D46DE8}") = "Solution Items", "Solution Items", "{C521A04F-36F0-46AD-BD25-A03229DE3C78}"
	ProjectSection(SolutionItems) = preProject
		temp.cs = temp.cs
	EndProjectSection
EndProject
Global
	GlobalSection(SolutionConfigurationPlatforms) = preSolution
		Debug|Any CPU = Debug|Any CPU
		Release|Any CPU = Release|Any CPU
	EndGlobalSection
	GlobalSection(ProjectConfigurationPlatforms) = postSolution
		{6FEA0892-259C-46AB-A764-98F4FD1F4E2F}.Debug|Any CPU.ActiveCfg = Debug|Any CPU
		{6FEA0892-259C-46AB-A764-98F4FD1F4E2F}.Debug|Any CPU.Build.0 = Debug|Any CPU
		{6FEA0892-259C-46AB-A764-98F4FD1F4E2F}.Release|Any CPU.ActiveCfg = Release|Any CPU
		{6FEA0892-259C-46AB-A764-98F4FD1F4E2F}.Release|Any CPU.Build.0 = Release|Any CPU
	EndGlobalSection
	GlobalSection(SolutionProperties) = preSolution
		HideSolutionNode = FALSE
	EndGlobalSection
	GlobalSection(ExtensibilityGlobals) = postSolution
		SolutionGuid = {40B71942-70A7-406E-BE7F-71CA585483AC}
	EndGlobalSection
EndGlobal
